// !$*UTF8*$!
{
	archiveVersion = 1;
	classes = {
	};
	objectVersion = 56;
	objects = {

/* Begin PBXBuildFile section */
		238FA0012AA7D0D30032C516 /* AppDelegate.swift in Sources */ = {isa = PBXBuildFile; fileRef = 238FA0002AA7D0D30032C516 /* AppDelegate.swift */; };
		238FA0032AA7D0D30032C516 /* SceneDelegate.swift in Sources */ = {isa = PBXBuildFile; fileRef = 238FA0022AA7D0D30032C516 /* SceneDelegate.swift */; };
		238FA0052AA7D0D30032C516 /* MainViewController.swift in Sources */ = {isa = PBXBuildFile; fileRef = 238FA0042AA7D0D30032C516 /* MainViewController.swift */; };
		238FA00A2AA7D0D40032C516 /* Assets.xcassets in Resources */ = {isa = PBXBuildFile; fileRef = 238FA0092AA7D0D40032C516 /* Assets.xcassets */; };
		238FA00D2AA7D0D40032C516 /* LaunchScreen.storyboard in Resources */ = {isa = PBXBuildFile; fileRef = 238FA00B2AA7D0D40032C516 /* LaunchScreen.storyboard */; };
		238FA01B2AA7D1F70032C516 /* Videos in Resources */ = {isa = PBXBuildFile; fileRef = 238FA01A2AA7D1F70032C516 /* Videos */; };
		238FA01D2AA7D2320032C516 /* AnimalInfo.swift in Sources */ = {isa = PBXBuildFile; fileRef = 238FA01C2AA7D2320032C516 /* AnimalInfo.swift */; };
		238FA01F2AA7D2B00032C516 /* WebViewController.swift in Sources */ = {isa = PBXBuildFile; fileRef = 238FA01E2AA7D2B00032C516 /* WebViewController.swift */; };
		238FA0212AA7D2DB0032C516 /* WebViewController.storyboard in Resources */ = {isa = PBXBuildFile; fileRef = 238FA0202AA7D2DB0032C516 /* WebViewController.storyboard */; };
		238FA0262AA7DC4D0032C516 /* AnimalView.swift in Sources */ = {isa = PBXBuildFile; fileRef = 238FA0252AA7DC4D0032C516 /* AnimalView.swift */; };
		23DACCA22AABA322004B1CCB /* AnimalView.xib in Resources */ = {isa = PBXBuildFile; fileRef = 23DACCA12AABA322004B1CCB /* AnimalView.xib */; };
		23DACCA62AABAC2D004B1CCB /* MainViewController.storyboard in Resources */ = {isa = PBXBuildFile; fileRef = 23DACCA52AABAC2D004B1CCB /* MainViewController.storyboard */; };
/* End PBXBuildFile section */

/* Begin PBXFileReference section */
		238F9FFD2AA7D0D30032C516 /* AnimalsInfoApp.app */ = {isa = PBXFileReference; explicitFileType = wrapper.application; includeInIndex = 0; path = AnimalsInfoApp.app; sourceTree = BUILT_PRODUCTS_DIR; };
		238FA0002AA7D0D30032C516 /* AppDelegate.swift */ = {isa = PBXFileReference; lastKnownFileType = sourcecode.swift; path = AppDelegate.swift; sourceTree = "<group>"; };
		238FA0022AA7D0D30032C516 /* SceneDelegate.swift */ = {isa = PBXFileReference; lastKnownFileType = sourcecode.swift; path = SceneDelegate.swift; sourceTree = "<group>"; };
		238FA0042AA7D0D30032C516 /* MainViewController.swift */ = {isa = PBXFileReference; lastKnownFileType = sourcecode.swift; path = MainViewController.swift; sourceTree = "<group>"; };
		238FA0092AA7D0D40032C516 /* Assets.xcassets */ = {isa = PBXFileReference; lastKnownFileType = folder.assetcatalog; path = Assets.xcassets; sourceTree = "<group>"; };
		238FA00C2AA7D0D40032C516 /* Base */ = {isa = PBXFileReference; lastKnownFileType = file.storyboard; name = Base; path = Base.lproj/LaunchScreen.storyboard; sourceTree = "<group>"; };
		238FA01A2AA7D1F70032C516 /* Videos */ = {isa = PBXFileReference; lastKnownFileType = folder; path = Videos; sourceTree = "<group>"; };
		238FA01C2AA7D2320032C516 /* AnimalInfo.swift */ = {isa = PBXFileReference; lastKnownFileType = sourcecode.swift; path = AnimalInfo.swift; sourceTree = "<group>"; };
		238FA01E2AA7D2B00032C516 /* WebViewController.swift */ = {isa = PBXFileReference; lastKnownFileType = sourcecode.swift; path = WebViewController.swift; sourceTree = "<group>"; };
		238FA0202AA7D2DB0032C516 /* WebViewController.storyboard */ = {isa = PBXFileReference; lastKnownFileType = file.storyboard; path = WebViewController.storyboard; sourceTree = "<group>"; };
		238FA0252AA7DC4D0032C516 /* AnimalView.swift */ = {isa = PBXFileReference; lastKnownFileType = sourcecode.swift; path = AnimalView.swift; sourceTree = "<group>"; };
		238FA02B2AAA968C0032C516 /* Info.plist */ = {isa = PBXFileReference; fileEncoding = 4; lastKnownFileType = text.plist.xml; path = Info.plist; sourceTree = "<group>"; };
		23DACCA12AABA322004B1CCB /* AnimalView.xib */ = {isa = PBXFileReference; lastKnownFileType = file.xib; path = AnimalView.xib; sourceTree = "<group>"; };
		23DACCA52AABAC2D004B1CCB /* MainViewController.storyboard */ = {isa = PBXFileReference; fileEncoding = 4; lastKnownFileType = file.storyboard; path = MainViewController.storyboard; sourceTree = "<group>"; };
/* End PBXFileReference section */

/* Begin PBXFrameworksBuildPhase section */
		238F9FFA2AA7D0D30032C516 /* Frameworks */ = {
			isa = PBXFrameworksBuildPhase;
			buildActionMask = 2147483647;
			files = (
			);
			runOnlyForDeploymentPostprocessing = 0;
		};
/* End PBXFrameworksBuildPhase section */

/* Begin PBXGroup section */
		238F9FF42AA7D0D30032C516 = {
			isa = PBXGroup;
			children = (
				238F9FFF2AA7D0D30032C516 /* AnimalsInfoApp */,
				238F9FFE2AA7D0D30032C516 /* Products */,
			);
			sourceTree = "<group>";
		};
		238F9FFE2AA7D0D30032C516 /* Products */ = {
			isa = PBXGroup;
			children = (
				238F9FFD2AA7D0D30032C516 /* AnimalsInfoApp.app */,
			);
			name = Products;
			sourceTree = "<group>";
		};
		238F9FFF2AA7D0D30032C516 /* AnimalsInfoApp */ = {
			isa = PBXGroup;
			children = (
				238FA0142AA7D1100032C516 /* Application */,
				238FA0152AA7D1220032C516 /* Resources */,
				238FA01A2AA7D1F70032C516 /* Videos */,
				238FA0182AA7D1780032C516 /* Model */,
				238FA0172AA7D1500032C516 /* Main Page */,
				238FA0162AA7D1450032C516 /* Web Page */,
			);
			path = AnimalsInfoApp;
			sourceTree = "<group>";
		};
		238FA0142AA7D1100032C516 /* Application */ = {
			isa = PBXGroup;
			children = (
				238FA0002AA7D0D30032C516 /* AppDelegate.swift */,
				238FA0022AA7D0D30032C516 /* SceneDelegate.swift */,
			);
			path = Application;
			sourceTree = "<group>";
		};
		238FA0152AA7D1220032C516 /* Resources */ = {
			isa = PBXGroup;
			children = (
				238FA0092AA7D0D40032C516 /* Assets.xcassets */,
				238FA00B2AA7D0D40032C516 /* LaunchScreen.storyboard */,
				238FA02B2AAA968C0032C516 /* Info.plist */,
			);
			path = Resources;
			sourceTree = "<group>";
		};
		238FA0162AA7D1450032C516 /* Web Page */ = {
			isa = PBXGroup;
			children = (
				238FA01E2AA7D2B00032C516 /* WebViewController.swift */,
				238FA0202AA7D2DB0032C516 /* WebViewController.storyboard */,
			);
			path = "Web Page";
			sourceTree = "<group>";
		};
		238FA0172AA7D1500032C516 /* Main Page */ = {
			isa = PBXGroup;
			children = (
				238FA0222AA7D50A0032C516 /* _components */,
				238FA0042AA7D0D30032C516 /* MainViewController.swift */,
				23DACCA52AABAC2D004B1CCB /* MainViewController.storyboard */,
			);
			path = "Main Page";
			sourceTree = "<group>";
		};
		238FA0182AA7D1780032C516 /* Model */ = {
			isa = PBXGroup;
			children = (
				238FA01C2AA7D2320032C516 /* AnimalInfo.swift */,
			);
			path = Model;
			sourceTree = "<group>";
		};
		238FA0222AA7D50A0032C516 /* _components */ = {
			isa = PBXGroup;
			children = (
				238FA0252AA7DC4D0032C516 /* AnimalView.swift */,
				23DACCA12AABA322004B1CCB /* AnimalView.xib */,
			);
			path = _components;
			sourceTree = "<group>";
		};
/* End PBXGroup section */

/* Begin PBXNativeTarget section */
		238F9FFC2AA7D0D30032C516 /* AnimalsInfoApp */ = {
			isa = PBXNativeTarget;
			buildConfigurationList = 238FA0112AA7D0D40032C516 /* Build configuration list for PBXNativeTarget "AnimalsInfoApp" */;
			buildPhases = (
				238F9FF92AA7D0D30032C516 /* Sources */,
				238F9FFA2AA7D0D30032C516 /* Frameworks */,
				238F9FFB2AA7D0D30032C516 /* Resources */,
			);
			buildRules = (
			);
			dependencies = (
			);
			name = AnimalsInfoApp;
			productName = AnimalsInfoApp;
			productReference = 238F9FFD2AA7D0D30032C516 /* AnimalsInfoApp.app */;
			productType = "com.apple.product-type.application";
		};
/* End PBXNativeTarget section */

/* Begin PBXProject section */
		238F9FF52AA7D0D30032C516 /* Project object */ = {
			isa = PBXProject;
			attributes = {
				BuildIndependentTargetsInParallel = 1;
				LastSwiftUpdateCheck = 1420;
				LastUpgradeCheck = 1420;
				TargetAttributes = {
					238F9FFC2AA7D0D30032C516 = {
						CreatedOnToolsVersion = 14.2;
					};
				};
			};
			buildConfigurationList = 238F9FF82AA7D0D30032C516 /* Build configuration list for PBXProject "AnimalsInfoApp" */;
			compatibilityVersion = "Xcode 14.0";
			developmentRegion = en;
			hasScannedForEncodings = 0;
			knownRegions = (
				en,
				Base,
			);
			mainGroup = 238F9FF42AA7D0D30032C516;
			productRefGroup = 238F9FFE2AA7D0D30032C516 /* Products */;
			projectDirPath = "";
			projectRoot = "";
			targets = (
				238F9FFC2AA7D0D30032C516 /* AnimalsInfoApp */,
			);
		};
/* End PBXProject section */

/* Begin PBXResourcesBuildPhase section */
		238F9FFB2AA7D0D30032C516 /* Resources */ = {
			isa = PBXResourcesBuildPhase;
			buildActionMask = 2147483647;
			files = (
				238FA01B2AA7D1F70032C516 /* Videos in Resources */,
				238FA00D2AA7D0D40032C516 /* LaunchScreen.storyboard in Resources */,
				23DACCA22AABA322004B1CCB /* AnimalView.xib in Resources */,
				238FA00A2AA7D0D40032C516 /* Assets.xcassets in Resources */,
				23DACCA62AABAC2D004B1CCB /* MainViewController.storyboard in Resources */,
				238FA0212AA7D2DB0032C516 /* WebViewController.storyboard in Resources */,
			);
			runOnlyForDeploymentPostprocessing = 0;
		};
/* End PBXResourcesBuildPhase section */

/* Begin PBXSourcesBuildPhase section */
		238F9FF92AA7D0D30032C516 /* Sources */ = {
			isa = PBXSourcesBuildPhase;
			buildActionMask = 2147483647;
			files = (
				238FA0262AA7DC4D0032C516 /* AnimalView.swift in Sources */,
				238FA0052AA7D0D30032C516 /* MainViewController.swift in Sources */,
				238FA01D2AA7D2320032C516 /* AnimalInfo.swift in Sources */,
				238FA0012AA7D0D30032C516 /* AppDelegate.swift in Sources */,
				238FA01F2AA7D2B00032C516 /* WebViewController.swift in Sources */,
				238FA0032AA7D0D30032C516 /* SceneDelegate.swift in Sources */,
			);
			runOnlyForDeploymentPostprocessing = 0;
		};
/* End PBXSourcesBuildPhase section */

/* Begin PBXVariantGroup section */
		238FA00B2AA7D0D40032C516 /* LaunchScreen.storyboard */ = {
			isa = PBXVariantGroup;
			children = (
				238FA00C2AA7D0D40032C516 /* Base */,
			);
			name = LaunchScreen.storyboard;
			sourceTree = "<group>";
		};
/* End PBXVariantGroup section */

/* Begin XCBuildConfiguration section */
		238FA00F2AA7D0D40032C516 /* Debug */ = {
			isa = XCBuildConfiguration;
			buildSettings = {
				ALWAYS_SEARCH_USER_PATHS = NO;
				CLANG_ANALYZER_NONNULL = YES;
				CLANG_ANALYZER_NUMBER_OBJECT_CONVERSION = YES_AGGRESSIVE;
				CLANG_CXX_LANGUAGE_STANDARD = "gnu++20";
				CLANG_ENABLE_MODULES = YES;
				CLANG_ENABLE_OBJC_ARC = YES;
				CLANG_ENABLE_OBJC_WEAK = YES;
				CLANG_WARN_BLOCK_CAPTURE_AUTORELEASING = YES;
				CLANG_WARN_BOOL_CONVERSION = YES;
				CLANG_WARN_COMMA = YES;
				CLANG_WARN_CONSTANT_CONVERSION = YES;
				CLANG_WARN_DEPRECATED_OBJC_IMPLEMENTATIONS = YES;
				CLANG_WARN_DIRECT_OBJC_ISA_USAGE = YES_ERROR;
				CLANG_WARN_DOCUMENTATION_COMMENTS = YES;
				CLANG_WARN_EMPTY_BODY = YES;
				CLANG_WARN_ENUM_CONVERSION = YES;
				CLANG_WARN_INFINITE_RECURSION = YES;
				CLANG_WARN_INT_CONVERSION = YES;
				CLANG_WARN_NON_LITERAL_NULL_CONVERSION = YES;
				CLANG_WARN_OBJC_IMPLICIT_RETAIN_SELF = YES;
				CLANG_WARN_OBJC_LITERAL_CONVERSION = YES;
				CLANG_WARN_OBJC_ROOT_CLASS = YES_ERROR;
				CLANG_WARN_QUOTED_INCLUDE_IN_FRAMEWORK_HEADER = YES;
				CLANG_WARN_RANGE_LOOP_ANALYSIS = YES;
				CLANG_WARN_STRICT_PROTOTYPES = YES;
				CLANG_WARN_SUSPICIOUS_MOVE = YES;
				CLANG_WARN_UNGUARDED_AVAILABILITY = YES_AGGRESSIVE;
				CLANG_WARN_UNREACHABLE_CODE = YES;
				CLANG_WARN__DUPLICATE_METHOD_MATCH = YES;
				COPY_PHASE_STRIP = NO;
				DEBUG_INFORMATION_FORMAT = dwarf;
				ENABLE_STRICT_OBJC_MSGSEND = YES;
				ENABLE_TESTABILITY = YES;
				GCC_C_LANGUAGE_STANDARD = gnu11;
				GCC_DYNAMIC_NO_PIC = NO;
				GCC_NO_COMMON_BLOCKS = YES;
				GCC_OPTIMIZATION_LEVEL = 0;
				GCC_PREPROCESSOR_DEFINITIONS = (
					"DEBUG=1",
					"$(inherited)",
				);
				GCC_WARN_64_TO_32_BIT_CONVERSION = YES;
				GCC_WARN_ABOUT_RETURN_TYPE = YES_ERROR;
				GCC_WARN_UNDECLARED_SELECTOR = YES;
				GCC_WARN_UNINITIALIZED_AUTOS = YES_AGGRESSIVE;
				GCC_WARN_UNUSED_FUNCTION = YES;
				GCC_WARN_UNUSED_VARIABLE = YES;
				IPHONEOS_DEPLOYMENT_TARGET = 16.2;
				MTL_ENABLE_DEBUG_INFO = INCLUDE_SOURCE;
				MTL_FAST_MATH = YES;
				ONLY_ACTIVE_ARCH = YES;
				SDKROOT = iphoneos;
				SWIFT_ACTIVE_COMPILATION_CONDITIONS = DEBUG;
				SWIFT_OPTIMIZATION_LEVEL = "-Onone";
			};
			name = Debug;
		};
		238FA0102AA7D0D40032C516 /* Release */ = {
			isa = XCBuildConfiguration;
			buildSettings = {
				ALWAYS_SEARCH_USER_PATHS = NO;
				CLANG_ANALYZER_NONNULL = YES;
				CLANG_ANALYZER_NUMBER_OBJECT_CONVERSION = YES_AGGRESSIVE;
				CLANG_CXX_LANGUAGE_STANDARD = "gnu++20";
				CLANG_ENABLE_MODULES = YES;
				CLANG_ENABLE_OBJC_ARC = YES;
				CLANG_ENABLE_OBJC_WEAK = YES;
				CLANG_WARN_BLOCK_CAPTURE_AUTORELEASING = YES;
				CLANG_WARN_BOOL_CONVERSION = YES;
				CLANG_WARN_COMMA = YES;
				CLANG_WARN_CONSTANT_CONVERSION = YES;
				CLANG_WARN_DEPRECATED_OBJC_IMPLEMENTATIONS = YES;
				CLANG_WARN_DIRECT_OBJC_ISA_USAGE = YES_ERROR;
				CLANG_WARN_DOCUMENTATION_COMMENTS = YES;
				CLANG_WARN_EMPTY_BODY = YES;
				CLANG_WARN_ENUM_CONVERSION = YES;
				CLANG_WARN_INFINITE_RECURSION = YES;
				CLANG_WARN_INT_CONVERSION = YES;
				CLANG_WARN_NON_LITERAL_NULL_CONVERSION = YES;
				CLANG_WARN_OBJC_IMPLICIT_RETAIN_SELF = YES;
				CLANG_WARN_OBJC_LITERAL_CONVERSION = YES;
				CLANG_WARN_OBJC_ROOT_CLASS = YES_ERROR;
				CLANG_WARN_QUOTED_INCLUDE_IN_FRAMEWORK_HEADER = YES;
				CLANG_WARN_RANGE_LOOP_ANALYSIS = YES;
				CLANG_WARN_STRICT_PROTOTYPES = YES;
				CLANG_WARN_SUSPICIOUS_MOVE = YES;
				CLANG_WARN_UNGUARDED_AVAILABILITY = YES_AGGRESSIVE;
				CLANG_WARN_UNREACHABLE_CODE = YES;
				CLANG_WARN__DUPLICATE_METHOD_MATCH = YES;
				COPY_PHASE_STRIP = NO;
				DEBUG_INFORMATION_FORMAT = "dwarf-with-dsym";
				ENABLE_NS_ASSERTIONS = NO;
				ENABLE_STRICT_OBJC_MSGSEND = YES;
				GCC_C_LANGUAGE_STANDARD = gnu11;
				GCC_NO_COMMON_BLOCKS = YES;
				GCC_WARN_64_TO_32_BIT_CONVERSION = YES;
				GCC_WARN_ABOUT_RETURN_TYPE = YES_ERROR;
				GCC_WARN_UNDECLARED_SELECTOR = YES;
				GCC_WARN_UNINITIALIZED_AUTOS = YES_AGGRESSIVE;
				GCC_WARN_UNUSED_FUNCTION = YES;
				GCC_WARN_UNUSED_VARIABLE = YES;
				IPHONEOS_DEPLOYMENT_TARGET = 16.2;
				MTL_ENABLE_DEBUG_INFO = NO;
				MTL_FAST_MATH = YES;
				SDKROOT = iphoneos;
				SWIFT_COMPILATION_MODE = wholemodule;
				SWIFT_OPTIMIZATION_LEVEL = "-O";
				VALIDATE_PRODUCT = YES;
			};
			name = Release;
		};
		238FA0122AA7D0D40032C516 /* Debug */ = {
			isa = XCBuildConfiguration;
			buildSettings = {
				ASSETCATALOG_COMPILER_APPICON_NAME = AppIcon;
				ASSETCATALOG_COMPILER_GLOBAL_ACCENT_COLOR_NAME = AccentColor;
				CODE_SIGN_STYLE = Automatic;
				CURRENT_PROJECT_VERSION = 1;
				GENERATE_INFOPLIST_FILE = YES;
				INFOPLIST_FILE = AnimalsInfoApp/Resources/Info.plist;
				INFOPLIST_KEY_UIApplicationSupportsIndirectInputEvents = YES;
				INFOPLIST_KEY_UILaunchStoryboardName = LaunchScreen;
				INFOPLIST_KEY_UISupportedInterfaceOrientations_iPad = "UIInterfaceOrientationPortrait UIInterfaceOrientationPortraitUpsideDown UIInterfaceOrientationLandscapeLeft UIInterfaceOrientationLandscapeRight";
				INFOPLIST_KEY_UISupportedInterfaceOrientations_iPhone = "UIInterfaceOrientationPortrait UIInterfaceOrientationLandscapeLeft UIInterfaceOrientationLandscapeRight";
				LD_RUNPATH_SEARCH_PATHS = (
					"$(inherited)",
					"@executable_path/Frameworks",
				);
				MARKETING_VERSION = 1.0;
				PRODUCT_BUNDLE_IDENTIFIER = com.beyza.AnimalsInfoApp;
				PRODUCT_NAME = "$(TARGET_NAME)";
				SWIFT_EMIT_LOC_STRINGS = YES;
				SWIFT_VERSION = 5.0;
				TARGETED_DEVICE_FAMILY = "1,2";
			};
			name = Debug;
		};
		238FA0132AA7D0D40032C516 /* Release */ = {
			isa = XCBuildConfiguration;
			buildSettings = {
				ASSETCATALOG_COMPILER_APPICON_NAME = AppIcon;
				ASSETCATALOG_COMPILER_GLOBAL_ACCENT_COLOR_NAME = AccentColor;
				CODE_SIGN_STYLE = Automatic;
				CURRENT_PROJECT_VERSION = 1;
				GENERATE_INFOPLIST_FILE = YES;
				INFOPLIST_FILE = AnimalsInfoApp/Resources/Info.plist;
				INFOPLIST_KEY_UIApplicationSupportsIndirectInputEvents = YES;
				INFOPLIST_KEY_UILaunchStoryboardName = LaunchScreen;
				INFOPLIST_KEY_UISupportedInterfaceOrientations_iPad = "UIInterfaceOrientationPortrait UIInterfaceOrientationPortraitUpsideDown UIInterfaceOrientationLandscapeLeft UIInterfaceOrientationLandscapeRight";
				INFOPLIST_KEY_UISupportedInterfaceOrientations_iPhone = "UIInterfaceOrientationPortrait UIInterfaceOrientationLandscapeLeft UIInterfaceOrientationLandscapeRight";
				LD_RUNPATH_SEARCH_PATHS = (
					"$(inherited)",
					"@executable_path/Frameworks",
				);
				MARKETING_VERSION = 1.0;
				PRODUCT_BUNDLE_IDENTIFIER = com.beyza.AnimalsInfoApp;
				PRODUCT_NAME = "$(TARGET_NAME)";
				SWIFT_EMIT_LOC_STRINGS = YES;
				SWIFT_VERSION = 5.0;
				TARGETED_DEVICE_FAMILY = "1,2";
			};
			name = Release;
		};
/* End XCBuildConfiguration section */

/* Begin XCConfigurationList section */
		238F9FF82AA7D0D30032C516 /* Build configuration list for PBXProject "AnimalsInfoApp" */ = {
			isa = XCConfigurationList;
			buildConfigurations = (
				238FA00F2AA7D0D40032C516 /* Debug */,
				238FA0102AA7D0D40032C516 /* Release */,
			);
			defaultConfigurationIsVisible = 0;
			defaultConfigurationName = Release;
		};
		238FA0112AA7D0D40032C516 /* Build configuration list for PBXNativeTarget "AnimalsInfoApp" */ = {
			isa = XCConfigurationList;
			buildConfigurations = (
				238FA0122AA7D0D40032C516 /* Debug */,
				238FA0132AA7D0D40032C516 /* Release */,
			);
			defaultConfigurationIsVisible = 0;
			defaultConfigurationName = Release;
		};
/* End XCConfigurationList section */
	};
	rootObject = 238F9FF52AA7D0D30032C516 /* Project object */;
}
